
Microsoft Visual Studio Solution File, Format Version 12.00
# Visual Studio Version 17
VisualStudioVersion = 17.7.34031.279
MinimumVisualStudioVersion = 10.0.40219.1
Project("{8BC9CEB8-8B4A-11D0-8D11-00A0C91BC942}") = "Lab1", "Lab1\Lab1.vcxproj", "{DB4D6972-0859-47E2-83DE-D6074E251EA7}"
EndProject
Global
	GlobalSection(SolutionConfigurationPlatforms) = preSolution
		Debug|x64 = Debug|x64
		Debug|x86 = Debug|x86
		Release|x64 = Release|x64
		Release|x86 = Release|x86
	EndGlobalSection
	GlobalSection(ProjectConfigurationPlatforms) = postSolution
		{DB4D6972-0859-47E2-83DE-D6074E251EA7}.Debug|x64.ActiveCfg = Debug|x64
		{DB4D6972-0859-47E2-83DE-D6074E251EA7}.Debug|x64.Build.0 = Debug|x64
		{DB4D6972-0859-47E2-83DE-D6074E251EA7}.Debug|x86.ActiveCfg = Debug|Win32
		{DB4D6972-0859-47E2-83DE-D6074E251EA7}.Debug|x86.Build.0 = Debug|Win32
		{DB4D6972-0859-47E2-83DE-D6074E251EA7}.Release|x64.ActiveCfg = Release|x64
		{DB4D6972-0859-47E2-83DE-D6074E251EA7}.Release|x64.Build.0 = Release|x64
		{DB4D6972-0859-47E2-83DE-D6074E251EA7}.Release|x86.ActiveCfg = Release|Win32
		{DB4D6972-0859-47E2-83DE-D6074E251EA7}.Release|x86.Build.0 = Release|Win32
	EndGlobalSection
	GlobalSection(SolutionProperties) = preSolution
		HideSolutionNode = FALSE
	EndGlobalSection
	GlobalSection(ExtensibilityGlobals) = postSolution
		SolutionGuid = {B34461DA-046F-4E8E-8A75-2DEF2AAFA3B8}
	EndGlobalSection
EndGlobal
